// !$*UTF8*$!
{
	archiveVersion = 1;
	classes = {
	};
	objectVersion = 46;
	objects = {

/* Begin PBXBuildFile section */
		A90401521D92918D00E1852C /* CellBookTableViewCell.swift in Sources */ = {isa = PBXBuildFile; fileRef = A90401501D92918D00E1852C /* CellBookTableViewCell.swift */; };
		A90401531D92918D00E1852C /* CellBookTableViewCell.xib in Resources */ = {isa = PBXBuildFile; fileRef = A90401511D92918D00E1852C /* CellBookTableViewCell.xib */; };
		A93185F31D87FFFB00EFB49E /* AsyncLoadRemoteFile.swift in Sources */ = {isa = PBXBuildFile; fileRef = A93185F21D87FFFB00EFB49E /* AsyncLoadRemoteFile.swift */; };
		A94004BC1D8FE66200DCDE57 /* emptyBookCover.png in Resources */ = {isa = PBXBuildFile; fileRef = A94004BA1D8FE66200DCDE57 /* emptyBookCover.png */; };
		A94004BD1D8FE66200DCDE57 /* emptyPdf.pdf in Resources */ = {isa = PBXBuildFile; fileRef = A94004BB1D8FE66200DCDE57 /* emptyPdf.pdf */; };
		A94004DE1D90017200DCDE57 /* LoadViewController.swift in Sources */ = {isa = PBXBuildFile; fileRef = A94004DC1D90017200DCDE57 /* LoadViewController.swift */; };
		A94004DF1D90017200DCDE57 /* LoadViewController.xib in Resources */ = {isa = PBXBuildFile; fileRef = A94004DD1D90017200DCDE57 /* LoadViewController.xib */; };
		A94004E41D9083F900DCDE57 /* BooksTableViewController.swift in Sources */ = {isa = PBXBuildFile; fileRef = A94004E31D9083F900DCDE57 /* BooksTableViewController.swift */; };
		A967394E1D95348400B8C49F /* NoteViewController.swift in Sources */ = {isa = PBXBuildFile; fileRef = A967394C1D95348400B8C49F /* NoteViewController.swift */; };
		A967394F1D95348400B8C49F /* NoteViewController.xib in Resources */ = {isa = PBXBuildFile; fileRef = A967394D1D95348400B8C49F /* NoteViewController.xib */; };
		A967D1F41DA1211D002E314D /* utilUserdfCoreData.swift in Sources */ = {isa = PBXBuildFile; fileRef = A967D1F31DA1211D002E314D /* utilUserdfCoreData.swift */; };
		A967F8DC1D8BF12A00535FC4 /* JSONProcessing.swift in Sources */ = {isa = PBXBuildFile; fileRef = A967F8DB1D8BF12A00535FC4 /* JSONProcessing.swift */; };
		A96BAFF21D9F910E00A4DDE4 /* NoteMapViewController.swift in Sources */ = {isa = PBXBuildFile; fileRef = A96BAFF01D9F910E00A4DDE4 /* NoteMapViewController.swift */; };
		A96BAFF31D9F910E00A4DDE4 /* NoteMapViewController.xib in Resources */ = {isa = PBXBuildFile; fileRef = A96BAFF11D9F910E00A4DDE4 /* NoteMapViewController.xib */; };
		A98941151D8686060041F408 /* AppDelegate.swift in Sources */ = {isa = PBXBuildFile; fileRef = A98941141D8686060041F408 /* AppDelegate.swift */; };
		A98941171D8686060041F408 /* ViewController.swift in Sources */ = {isa = PBXBuildFile; fileRef = A98941161D8686060041F408 /* ViewController.swift */; };
		A989411A1D8686060041F408 /* Main.storyboard in Resources */ = {isa = PBXBuildFile; fileRef = A98941181D8686060041F408 /* Main.storyboard */; };
		A989411C1D8686060041F408 /* Assets.xcassets in Resources */ = {isa = PBXBuildFile; fileRef = A989411B1D8686060041F408 /* Assets.xcassets */; };
		A989411F1D8686060041F408 /* LaunchScreen.storyboard in Resources */ = {isa = PBXBuildFile; fileRef = A989411D1D8686060041F408 /* LaunchScreen.storyboard */; };
		A98941281D8686330041F408 /* Model.xcdatamodeld in Sources */ = {isa = PBXBuildFile; fileRef = A98941261D8686330041F408 /* Model.xcdatamodeld */; };
		A99077B61D91221400B3E2FE /* BookTag+CoreDataClass.swift in Sources */ = {isa = PBXBuildFile; fileRef = A99077AD1D91221400B3E2FE /* BookTag+CoreDataClass.swift */; };
		A9A270131D986B0400A49572 /* Tags+CoreDataProperties.swift in Sources */ = {isa = PBXBuildFile; fileRef = A9A2700B1D986B0400A49572 /* Tags+CoreDataProperties.swift */; };
		A9A270141D986B0400A49572 /* Authors+CoreDataProperties.swift in Sources */ = {isa = PBXBuildFile; fileRef = A9A2700C1D986B0400A49572 /* Authors+CoreDataProperties.swift */; };
		A9A270151D986B0400A49572 /* BookTag+CoreDataProperties.swift in Sources */ = {isa = PBXBuildFile; fileRef = A9A2700D1D986B0400A49572 /* BookTag+CoreDataProperties.swift */; };
		A9A270161D986B0400A49572 /* Books+CoreDataProperties.swift in Sources */ = {isa = PBXBuildFile; fileRef = A9A2700E1D986B0400A49572 /* Books+CoreDataProperties.swift */; };
		A9A270171D986B0400A49572 /* Geo+CoreDataProperties.swift in Sources */ = {isa = PBXBuildFile; fileRef = A9A2700F1D986B0400A49572 /* Geo+CoreDataProperties.swift */; };
		A9A270181D986B0400A49572 /* PdfBook+CoreDataProperties.swift in Sources */ = {isa = PBXBuildFile; fileRef = A9A270101D986B0400A49572 /* PdfBook+CoreDataProperties.swift */; };
		A9A270191D986B0400A49572 /* Image+CoreDataProperties.swift in Sources */ = {isa = PBXBuildFile; fileRef = A9A270111D986B0400A49572 /* Image+CoreDataProperties.swift */; };
		A9A2701A1D986B0400A49572 /* Annotations+CoreDataProperties.swift in Sources */ = {isa = PBXBuildFile; fileRef = A9A270121D986B0400A49572 /* Annotations+CoreDataProperties.swift */; };
		A9A888751D8E74F30071A7AD /* Geo+CoreDataClass.swift in Sources */ = {isa = PBXBuildFile; fileRef = A9A888671D8E74F30071A7AD /* Geo+CoreDataClass.swift */; };
		A9A888771D8E74F30071A7AD /* PdfBook+CoreDataClass.swift in Sources */ = {isa = PBXBuildFile; fileRef = A9A888691D8E74F30071A7AD /* PdfBook+CoreDataClass.swift */; };
		A9A888791D8E74F30071A7AD /* Authors+CoreDataClass.swift in Sources */ = {isa = PBXBuildFile; fileRef = A9A8886B1D8E74F30071A7AD /* Authors+CoreDataClass.swift */; };
		A9A8887B1D8E74F30071A7AD /* Image+CoreDataClass.swift in Sources */ = {isa = PBXBuildFile; fileRef = A9A8886D1D8E74F30071A7AD /* Image+CoreDataClass.swift */; };
		A9A8887D1D8E74F30071A7AD /* Tags+CoreDataClass.swift in Sources */ = {isa = PBXBuildFile; fileRef = A9A8886F1D8E74F30071A7AD /* Tags+CoreDataClass.swift */; };
		A9A8887F1D8E74F30071A7AD /* Annotations+CoreDataClass.swift in Sources */ = {isa = PBXBuildFile; fileRef = A9A888711D8E74F30071A7AD /* Annotations+CoreDataClass.swift */; };
		A9A888811D8E74F30071A7AD /* Books+CoreDataClass.swift in Sources */ = {isa = PBXBuildFile; fileRef = A9A888731D8E74F30071A7AD /* Books+CoreDataClass.swift */; };
		A9A888861D8EA7EC0071A7AD /* CoreDataStack.swift in Sources */ = {isa = PBXBuildFile; fileRef = A9A888841D8EA7EC0071A7AD /* CoreDataStack.swift */; };
		A9A888871D8EA7EC0071A7AD /* CoreDataTableViewController.swift in Sources */ = {isa = PBXBuildFile; fileRef = A9A888851D8EA7EC0071A7AD /* CoreDataTableViewController.swift */; };
		A9C0728A1D9937BC00A593B7 /* ListNoteCollectionViewController.swift in Sources */ = {isa = PBXBuildFile; fileRef = A9C072891D9937BC00A593B7 /* ListNoteCollectionViewController.swift */; };
		A9F9BBDD1D97AD1B00DD57F7 /* start.jpg in Resources */ = {isa = PBXBuildFile; fileRef = A9F9BBDC1D97AD1B00DD57F7 /* start.jpg */; };
		A9FCDA061D93FE34006542F6 /* PdfViewController.swift in Sources */ = {isa = PBXBuildFile; fileRef = A9FCDA041D93FE34006542F6 /* PdfViewController.swift */; };
		A9FCDA071D93FE34006542F6 /* PdfViewController.xib in Resources */ = {isa = PBXBuildFile; fileRef = A9FCDA051D93FE34006542F6 /* PdfViewController.xib */; };
		A9FCDA0B1D945919006542F6 /* favorites.png in Resources */ = {isa = PBXBuildFile; fileRef = A9FCDA0A1D945919006542F6 /* favorites.png */; };
/* End PBXBuildFile section */

/* Begin PBXFileReference section */
		A90401501D92918D00E1852C /* CellBookTableViewCell.swift */ = {isa = PBXFileReference; fileEncoding = 4; lastKnownFileType = sourcecode.swift; path = CellBookTableViewCell.swift; sourceTree = "<group>"; };
		A90401511D92918D00E1852C /* CellBookTableViewCell.xib */ = {isa = PBXFileReference; fileEncoding = 4; lastKnownFileType = file.xib; path = CellBookTableViewCell.xib; sourceTree = "<group>"; };
		A93185F21D87FFFB00EFB49E /* AsyncLoadRemoteFile.swift */ = {isa = PBXFileReference; fileEncoding = 4; lastKnownFileType = sourcecode.swift; path = AsyncLoadRemoteFile.swift; sourceTree = "<group>"; };
		A94004BA1D8FE66200DCDE57 /* emptyBookCover.png */ = {isa = PBXFileReference; lastKnownFileType = image.png; path = emptyBookCover.png; sourceTree = "<group>"; };
		A94004BB1D8FE66200DCDE57 /* emptyPdf.pdf */ = {isa = PBXFileReference; lastKnownFileType = image.pdf; path = emptyPdf.pdf; sourceTree = "<group>"; };
		A94004DC1D90017200DCDE57 /* LoadViewController.swift */ = {isa = PBXFileReference; fileEncoding = 4; lastKnownFileType = sourcecode.swift; path = LoadViewController.swift; sourceTree = "<group>"; };
		A94004DD1D90017200DCDE57 /* LoadViewController.xib */ = {isa = PBXFileReference; fileEncoding = 4; lastKnownFileType = file.xib; path = LoadViewController.xib; sourceTree = "<group>"; };
		A94004E31D9083F900DCDE57 /* BooksTableViewController.swift */ = {isa = PBXFileReference; fileEncoding = 4; lastKnownFileType = sourcecode.swift; path = BooksTableViewController.swift; sourceTree = "<group>"; };
		A967394C1D95348400B8C49F /* NoteViewController.swift */ = {isa = PBXFileReference; fileEncoding = 4; lastKnownFileType = sourcecode.swift; path = NoteViewController.swift; sourceTree = "<group>"; };
		A967394D1D95348400B8C49F /* NoteViewController.xib */ = {isa = PBXFileReference; fileEncoding = 4; lastKnownFileType = file.xib; path = NoteViewController.xib; sourceTree = "<group>"; };
		A967D1F31DA1211D002E314D /* utilUserdfCoreData.swift */ = {isa = PBXFileReference; fileEncoding = 4; lastKnownFileType = sourcecode.swift; path = utilUserdfCoreData.swift; sourceTree = "<group>"; };
		A967F8DB1D8BF12A00535FC4 /* JSONProcessing.swift */ = {isa = PBXFileReference; fileEncoding = 4; lastKnownFileType = sourcecode.swift; path = JSONProcessing.swift; sourceTree = "<group>"; };
		A96BAFF01D9F910E00A4DDE4 /* NoteMapViewController.swift */ = {isa = PBXFileReference; fileEncoding = 4; lastKnownFileType = sourcecode.swift; path = NoteMapViewController.swift; sourceTree = "<group>"; };
		A96BAFF11D9F910E00A4DDE4 /* NoteMapViewController.xib */ = {isa = PBXFileReference; fileEncoding = 4; lastKnownFileType = file.xib; path = NoteMapViewController.xib; sourceTree = "<group>"; };
		A98941111D8686060041F408 /* hackerbookv2.app */ = {isa = PBXFileReference; explicitFileType = wrapper.application; includeInIndex = 0; path = hackerbookv2.app; sourceTree = BUILT_PRODUCTS_DIR; };
		A98941141D8686060041F408 /* AppDelegate.swift */ = {isa = PBXFileReference; lastKnownFileType = sourcecode.swift; path = AppDelegate.swift; sourceTree = "<group>"; };
		A98941161D8686060041F408 /* ViewController.swift */ = {isa = PBXFileReference; lastKnownFileType = sourcecode.swift; path = ViewController.swift; sourceTree = "<group>"; };
		A98941191D8686060041F408 /* Base */ = {isa = PBXFileReference; lastKnownFileType = file.storyboard; name = Base; path = Base.lproj/Main.storyboard; sourceTree = "<group>"; };
		A989411B1D8686060041F408 /* Assets.xcassets */ = {isa = PBXFileReference; lastKnownFileType = folder.assetcatalog; path = Assets.xcassets; sourceTree = "<group>"; };
		A989411E1D8686060041F408 /* Base */ = {isa = PBXFileReference; lastKnownFileType = file.storyboard; name = Base; path = Base.lproj/LaunchScreen.storyboard; sourceTree = "<group>"; };
		A98941201D8686060041F408 /* Info.plist */ = {isa = PBXFileReference; lastKnownFileType = text.plist.xml; path = Info.plist; sourceTree = "<group>"; };
		A98941271D8686330041F408 /* Model.xcdatamodel */ = {isa = PBXFileReference; lastKnownFileType = wrapper.xcdatamodel; path = Model.xcdatamodel; sourceTree = "<group>"; };
		A99077AD1D91221400B3E2FE /* BookTag+CoreDataClass.swift */ = {isa = PBXFileReference; fileEncoding = 4; lastKnownFileType = sourcecode.swift; path = "BookTag+CoreDataClass.swift"; sourceTree = "<group>"; };
		A9A2700B1D986B0400A49572 /* Tags+CoreDataProperties.swift */ = {isa = PBXFileReference; fileEncoding = 4; lastKnownFileType = sourcecode.swift; path = "Tags+CoreDataProperties.swift"; sourceTree = "<group>"; };
		A9A2700C1D986B0400A49572 /* Authors+CoreDataProperties.swift */ = {isa = PBXFileReference; fileEncoding = 4; lastKnownFileType = sourcecode.swift; path = "Authors+CoreDataProperties.swift"; sourceTree = "<group>"; };
		A9A2700D1D986B0400A49572 /* BookTag+CoreDataProperties.swift */ = {isa = PBXFileReference; fileEncoding = 4; lastKnownFileType = sourcecode.swift; path = "BookTag+CoreDataProperties.swift"; sourceTree = "<group>"; };
		A9A2700E1D986B0400A49572 /* Books+CoreDataProperties.swift */ = {isa = PBXFileReference; fileEncoding = 4; lastKnownFileType = sourcecode.swift; path = "Books+CoreDataProperties.swift"; sourceTree = "<group>"; };
		A9A2700F1D986B0400A49572 /* Geo+CoreDataProperties.swift */ = {isa = PBXFileReference; fileEncoding = 4; lastKnownFileType = sourcecode.swift; path = "Geo+CoreDataProperties.swift"; sourceTree = "<group>"; };
		A9A270101D986B0400A49572 /* PdfBook+CoreDataProperties.swift */ = {isa = PBXFileReference; fileEncoding = 4; lastKnownFileType = sourcecode.swift; path = "PdfBook+CoreDataProperties.swift"; sourceTree = "<group>"; };
		A9A270111D986B0400A49572 /* Image+CoreDataProperties.swift */ = {isa = PBXFileReference; fileEncoding = 4; lastKnownFileType = sourcecode.swift; path = "Image+CoreDataProperties.swift"; sourceTree = "<group>"; };
		A9A270121D986B0400A49572 /* Annotations+CoreDataProperties.swift */ = {isa = PBXFileReference; fileEncoding = 4; lastKnownFileType = sourcecode.swift; path = "Annotations+CoreDataProperties.swift"; sourceTree = "<group>"; };
		A9A888671D8E74F30071A7AD /* Geo+CoreDataClass.swift */ = {isa = PBXFileReference; fileEncoding = 4; lastKnownFileType = sourcecode.swift; path = "Geo+CoreDataClass.swift"; sourceTree = "<group>"; };
		A9A888691D8E74F30071A7AD /* PdfBook+CoreDataClass.swift */ = {isa = PBXFileReference; fileEncoding = 4; lastKnownFileType = sourcecode.swift; path = "PdfBook+CoreDataClass.swift"; sourceTree = "<group>"; };
		A9A8886B1D8E74F30071A7AD /* Authors+CoreDataClass.swift */ = {isa = PBXFileReference; fileEncoding = 4; lastKnownFileType = sourcecode.swift; path = "Authors+CoreDataClass.swift"; sourceTree = "<group>"; };
		A9A8886D1D8E74F30071A7AD /* Image+CoreDataClass.swift */ = {isa = PBXFileReference; fileEncoding = 4; lastKnownFileType = sourcecode.swift; path = "Image+CoreDataClass.swift"; sourceTree = "<group>"; };
		A9A8886F1D8E74F30071A7AD /* Tags+CoreDataClass.swift */ = {isa = PBXFileReference; fileEncoding = 4; lastKnownFileType = sourcecode.swift; path = "Tags+CoreDataClass.swift"; sourceTree = "<group>"; };
		A9A888711D8E74F30071A7AD /* Annotations+CoreDataClass.swift */ = {isa = PBXFileReference; fileEncoding = 4; lastKnownFileType = sourcecode.swift; path = "Annotations+CoreDataClass.swift"; sourceTree = "<group>"; };
		A9A888731D8E74F30071A7AD /* Books+CoreDataClass.swift */ = {isa = PBXFileReference; fileEncoding = 4; lastKnownFileType = sourcecode.swift; path = "Books+CoreDataClass.swift"; sourceTree = "<group>"; };
		A9A888841D8EA7EC0071A7AD /* CoreDataStack.swift */ = {isa = PBXFileReference; fileEncoding = 4; lastKnownFileType = sourcecode.swift; path = CoreDataStack.swift; sourceTree = "<group>"; };
		A9A888851D8EA7EC0071A7AD /* CoreDataTableViewController.swift */ = {isa = PBXFileReference; fileEncoding = 4; lastKnownFileType = sourcecode.swift; path = CoreDataTableViewController.swift; sourceTree = "<group>"; };
		A9A888911D8EFB4B0071A7AD /* hackerbookv2Tests.swift */ = {isa = PBXFileReference; lastKnownFileType = sourcecode.swift; path = hackerbookv2Tests.swift; sourceTree = "<group>"; };
		A9A888931D8EFB4B0071A7AD /* Info.plist */ = {isa = PBXFileReference; lastKnownFileType = text.plist.xml; path = Info.plist; sourceTree = "<group>"; };
		A9C072891D9937BC00A593B7 /* ListNoteCollectionViewController.swift */ = {isa = PBXFileReference; fileEncoding = 4; lastKnownFileType = sourcecode.swift; path = ListNoteCollectionViewController.swift; sourceTree = "<group>"; };
		A9F9BBDC1D97AD1B00DD57F7 /* start.jpg */ = {isa = PBXFileReference; lastKnownFileType = image.jpeg; path = start.jpg; sourceTree = "<group>"; };
		A9FCDA041D93FE34006542F6 /* PdfViewController.swift */ = {isa = PBXFileReference; fileEncoding = 4; lastKnownFileType = sourcecode.swift; path = PdfViewController.swift; sourceTree = "<group>"; };
		A9FCDA051D93FE34006542F6 /* PdfViewController.xib */ = {isa = PBXFileReference; fileEncoding = 4; lastKnownFileType = file.xib; path = PdfViewController.xib; sourceTree = "<group>"; };
		A9FCDA0A1D945919006542F6 /* favorites.png */ = {isa = PBXFileReference; lastKnownFileType = image.png; path = favorites.png; sourceTree = "<group>"; };
/* End PBXFileReference section */

/* Begin PBXFrameworksBuildPhase section */
		A989410E1D8686060041F408 /* Frameworks */ = {
			isa = PBXFrameworksBuildPhase;
			buildActionMask = 2147483647;
			files = (
			);
			runOnlyForDeploymentPostprocessing = 0;
		};
/* End PBXFrameworksBuildPhase section */

/* Begin PBXGroup section */
		A90401541D92919200E1852C /* View */ = {
			isa = PBXGroup;
			children = (
				A90401501D92918D00E1852C /* CellBookTableViewCell.swift */,
				A90401511D92918D00E1852C /* CellBookTableViewCell.xib */,
			);
			name = View;
			sourceTree = "<group>";
		};
		A93185F41D881D3A00EFB49E /* Utils */ = {
			isa = PBXGroup;
			children = (
				A93185F21D87FFFB00EFB49E /* AsyncLoadRemoteFile.swift */,
				A967F8DB1D8BF12A00535FC4 /* JSONProcessing.swift */,
				A9A888841D8EA7EC0071A7AD /* CoreDataStack.swift */,
				A9A888851D8EA7EC0071A7AD /* CoreDataTableViewController.swift */,
				A967D1F31DA1211D002E314D /* utilUserdfCoreData.swift */,
			);
			name = Utils;
			sourceTree = "<group>";
		};
		A94004BE1D8FE67400DCDE57 /* resources */ = {
			isa = PBXGroup;
			children = (
				A9F9BBDC1D97AD1B00DD57F7 /* start.jpg */,
				A9FCDA0A1D945919006542F6 /* favorites.png */,
				A94004BA1D8FE66200DCDE57 /* emptyBookCover.png */,
				A94004BB1D8FE66200DCDE57 /* emptyPdf.pdf */,
			);
			name = resources;
			sourceTree = "<group>";
		};
		A94004CD1D8FF22700DCDE57 /* ManagedProperties */ = {
			isa = PBXGroup;
			children = (
				A9A2700B1D986B0400A49572 /* Tags+CoreDataProperties.swift */,
				A9A2700C1D986B0400A49572 /* Authors+CoreDataProperties.swift */,
				A9A2700D1D986B0400A49572 /* BookTag+CoreDataProperties.swift */,
				A9A2700E1D986B0400A49572 /* Books+CoreDataProperties.swift */,
				A9A2700F1D986B0400A49572 /* Geo+CoreDataProperties.swift */,
				A9A270101D986B0400A49572 /* PdfBook+CoreDataProperties.swift */,
				A9A270111D986B0400A49572 /* Image+CoreDataProperties.swift */,
				A9A270121D986B0400A49572 /* Annotations+CoreDataProperties.swift */,
			);
			name = ManagedProperties;
			sourceTree = "<group>";
		};
		A94004E01D90017B00DCDE57 /* Controller */ = {
			isa = PBXGroup;
			children = (
				A94004DC1D90017200DCDE57 /* LoadViewController.swift */,
				A94004DD1D90017200DCDE57 /* LoadViewController.xib */,
				A94004E31D9083F900DCDE57 /* BooksTableViewController.swift */,
				A9FCDA041D93FE34006542F6 /* PdfViewController.swift */,
				A9FCDA051D93FE34006542F6 /* PdfViewController.xib */,
				A967394C1D95348400B8C49F /* NoteViewController.swift */,
				A967394D1D95348400B8C49F /* NoteViewController.xib */,
				A9C072891D9937BC00A593B7 /* ListNoteCollectionViewController.swift */,
				A96BAFF01D9F910E00A4DDE4 /* NoteMapViewController.swift */,
				A96BAFF11D9F910E00A4DDE4 /* NoteMapViewController.xib */,
			);
			name = Controller;
			sourceTree = "<group>";
		};
		A98941081D8686060041F408 = {
			isa = PBXGroup;
			children = (
				A94004E01D90017B00DCDE57 /* Controller */,
				A93185F41D881D3A00EFB49E /* Utils */,
				A9A8888A1D8EF9DB0071A7AD /* Test */,
				A90401541D92919200E1852C /* View */,
				A98941471D86C86B0041F408 /* Model */,
				A98941131D8686060041F408 /* hackerbookv2 */,
				A9A888901D8EFB4B0071A7AD /* hackerbookv2Tests */,
				A98941121D8686060041F408 /* Products */,
				A94004BE1D8FE67400DCDE57 /* resources */,
			);
			sourceTree = "<group>";
		};
		A98941121D8686060041F408 /* Products */ = {
			isa = PBXGroup;
			children = (
				A98941111D8686060041F408 /* hackerbookv2.app */,
			);
			name = Products;
			sourceTree = "<group>";
		};
		A98941131D8686060041F408 /* hackerbookv2 */ = {
			isa = PBXGroup;
			children = (
				A98941141D8686060041F408 /* AppDelegate.swift */,
				A98941161D8686060041F408 /* ViewController.swift */,
				A98941181D8686060041F408 /* Main.storyboard */,
				A989411B1D8686060041F408 /* Assets.xcassets */,
				A989411D1D8686060041F408 /* LaunchScreen.storyboard */,
				A98941201D8686060041F408 /* Info.plist */,
			);
			path = hackerbookv2;
			sourceTree = "<group>";
		};
		A98941471D86C86B0041F408 /* Model */ = {
			isa = PBXGroup;
			children = (
				A98941261D8686330041F408 /* Model.xcdatamodeld */,
				A94004CD1D8FF22700DCDE57 /* ManagedProperties */,
				A9A888661D8E74B00071A7AD /* managedModel */,
			);
			name = Model;
			sourceTree = "<group>";
		};
		A9A888661D8E74B00071A7AD /* managedModel */ = {
			isa = PBXGroup;
			children = (
				A99077AD1D91221400B3E2FE /* BookTag+CoreDataClass.swift */,
				A9A888671D8E74F30071A7AD /* Geo+CoreDataClass.swift */,
				A9A888691D8E74F30071A7AD /* PdfBook+CoreDataClass.swift */,
				A9A8886B1D8E74F30071A7AD /* Authors+CoreDataClass.swift */,
				A9A8886D1D8E74F30071A7AD /* Image+CoreDataClass.swift */,
				A9A8886F1D8E74F30071A7AD /* Tags+CoreDataClass.swift */,
				A9A888711D8E74F30071A7AD /* Annotations+CoreDataClass.swift */,
				A9A888731D8E74F30071A7AD /* Books+CoreDataClass.swift */,
			);
			name = managedModel;
			sourceTree = "<group>";
		};
		A9A8888A1D8EF9DB0071A7AD /* Test */ = {
			isa = PBXGroup;
			children = (
			);
			name = Test;
			sourceTree = "<group>";
		};
		A9A888901D8EFB4B0071A7AD /* hackerbookv2Tests */ = {
			isa = PBXGroup;
			children = (
				A9A888911D8EFB4B0071A7AD /* hackerbookv2Tests.swift */,
				A9A888931D8EFB4B0071A7AD /* Info.plist */,
			);
			path = hackerbookv2Tests;
			sourceTree = "<group>";
		};
/* End PBXGroup section */

/* Begin PBXNativeTarget section */
		A98941101D8686060041F408 /* hackerbookv2 */ = {
			isa = PBXNativeTarget;
			buildConfigurationList = A98941231D8686060041F408 /* Build configuration list for PBXNativeTarget "hackerbookv2" */;
			buildPhases = (
				A989410D1D8686060041F408 /* Sources */,
				A989410E1D8686060041F408 /* Frameworks */,
				A989410F1D8686060041F408 /* Resources */,
			);
			buildRules = (
			);
			dependencies = (
			);
			name = hackerbookv2;
			productName = hackerbookv2;
			productReference = A98941111D8686060041F408 /* hackerbookv2.app */;
			productType = "com.apple.product-type.application";
		};
/* End PBXNativeTarget section */

/* Begin PBXProject section */
		A98941091D8686060041F408 /* Project object */ = {
			isa = PBXProject;
			attributes = {
				LastSwiftUpdateCheck = 0800;
				LastUpgradeCheck = 0800;
				ORGANIZATIONNAME = "Antonio Benavente del Moral";
				TargetAttributes = {
					A98941101D8686060041F408 = {
						CreatedOnToolsVersion = 8.0;
						DevelopmentTeam = KR3B4933S2;
						ProvisioningStyle = Automatic;
					};
				};
			};
			buildConfigurationList = A989410C1D8686060041F408 /* Build configuration list for PBXProject "hackerbookv2" */;
			compatibilityVersion = "Xcode 3.2";
			developmentRegion = English;
			hasScannedForEncodings = 0;
			knownRegions = (
				en,
				Base,
			);
			mainGroup = A98941081D8686060041F408;
			productRefGroup = A98941121D8686060041F408 /* Products */;
			projectDirPath = "";
			projectRoot = "";
			targets = (
				A98941101D8686060041F408 /* hackerbookv2 */,
			);
		};
/* End PBXProject section */

/* Begin PBXResourcesBuildPhase section */
		A989410F1D8686060041F408 /* Resources */ = {
			isa = PBXResourcesBuildPhase;
			buildActionMask = 2147483647;
			files = (
				A90401531D92918D00E1852C /* CellBookTableViewCell.xib in Resources */,
				A94004DF1D90017200DCDE57 /* LoadViewController.xib in Resources */,
				A989411F1D8686060041F408 /* LaunchScreen.storyboard in Resources */,
				A9F9BBDD1D97AD1B00DD57F7 /* start.jpg in Resources */,
				A94004BD1D8FE66200DCDE57 /* emptyPdf.pdf in Resources */,
				A96BAFF31D9F910E00A4DDE4 /* NoteMapViewController.xib in Resources */,
				A989411C1D8686060041F408 /* Assets.xcassets in Resources */,
				A9FCDA071D93FE34006542F6 /* PdfViewController.xib in Resources */,
				A9FCDA0B1D945919006542F6 /* favorites.png in Resources */,
				A94004BC1D8FE66200DCDE57 /* emptyBookCover.png in Resources */,
				A967394F1D95348400B8C49F /* NoteViewController.xib in Resources */,
				A989411A1D8686060041F408 /* Main.storyboard in Resources */,
			);
			runOnlyForDeploymentPostprocessing = 0;
		};
/* End PBXResourcesBuildPhase section */

/* Begin PBXSourcesBuildPhase section */
		A989410D1D8686060041F408 /* Sources */ = {
			isa = PBXSourcesBuildPhase;
			buildActionMask = 2147483647;
			files = (
				A967394E1D95348400B8C49F /* NoteViewController.swift in Sources */,
				A90401521D92918D00E1852C /* CellBookTableViewCell.swift in Sources */,
				A9A270131D986B0400A49572 /* Tags+CoreDataProperties.swift in Sources */,
				A967D1F41DA1211D002E314D /* utilUserdfCoreData.swift in Sources */,
				A9A2701A1D986B0400A49572 /* Annotations+CoreDataProperties.swift in Sources */,
				A9A270151D986B0400A49572 /* BookTag+CoreDataProperties.swift in Sources */,
				A9A270171D986B0400A49572 /* Geo+CoreDataProperties.swift in Sources */,
				A9A270181D986B0400A49572 /* PdfBook+CoreDataProperties.swift in Sources */,
				A93185F31D87FFFB00EFB49E /* AsyncLoadRemoteFile.swift in Sources */,
				A94004DE1D90017200DCDE57 /* LoadViewController.swift in Sources */,
				A98941171D8686060041F408 /* ViewController.swift in Sources */,
				A967F8DC1D8BF12A00535FC4 /* JSONProcessing.swift in Sources */,
				A9FCDA061D93FE34006542F6 /* PdfViewController.swift in Sources */,
				A9A8887B1D8E74F30071A7AD /* Image+CoreDataClass.swift in Sources */,
				A9A888751D8E74F30071A7AD /* Geo+CoreDataClass.swift in Sources */,
				A9A888791D8E74F30071A7AD /* Authors+CoreDataClass.swift in Sources */,
				A98941151D8686060041F408 /* AppDelegate.swift in Sources */,
				A9A270161D986B0400A49572 /* Books+CoreDataProperties.swift in Sources */,
				A94004E41D9083F900DCDE57 /* BooksTableViewController.swift in Sources */,
				A9A8887F1D8E74F30071A7AD /* Annotations+CoreDataClass.swift in Sources */,
				A9C0728A1D9937BC00A593B7 /* ListNoteCollectionViewController.swift in Sources */,
				A9A888871D8EA7EC0071A7AD /* CoreDataTableViewController.swift in Sources */,
				A9A270191D986B0400A49572 /* Image+CoreDataProperties.swift in Sources */,
				A9A270141D986B0400A49572 /* Authors+CoreDataProperties.swift in Sources */,
				A98941281D8686330041F408 /* Model.xcdatamodeld in Sources */,
				A9A888861D8EA7EC0071A7AD /* CoreDataStack.swift in Sources */,
				A99077B61D91221400B3E2FE /* BookTag+CoreDataClass.swift in Sources */,
				A9A8887D1D8E74F30071A7AD /* Tags+CoreDataClass.swift in Sources */,
				A96BAFF21D9F910E00A4DDE4 /* NoteMapViewController.swift in Sources */,
				A9A888771D8E74F30071A7AD /* PdfBook+CoreDataClass.swift in Sources */,
				A9A888811D8E74F30071A7AD /* Books+CoreDataClass.swift in Sources */,
			);
			runOnlyForDeploymentPostprocessing = 0;
		};
/* End PBXSourcesBuildPhase section */

/* Begin PBXVariantGroup section */
		A98941181D8686060041F408 /* Main.storyboard */ = {
			isa = PBXVariantGroup;
			children = (
				A98941191D8686060041F408 /* Base */,
			);
			name = Main.storyboard;
			sourceTree = "<group>";
		};
		A989411D1D8686060041F408 /* LaunchScreen.storyboard */ = {
			isa = PBXVariantGroup;
			children = (
				A989411E1D8686060041F408 /* Base */,
			);
			name = LaunchScreen.storyboard;
			sourceTree = "<group>";
		};
/* End PBXVariantGroup section */

/* Begin XCBuildConfiguration section */
		A98941211D8686060041F408 /* Debug */ = {
			isa = XCBuildConfiguration;
			buildSettings = {
				ALWAYS_SEARCH_USER_PATHS = NO;
				CLANG_ANALYZER_NONNULL = YES;
				CLANG_CXX_LANGUAGE_STANDARD = "gnu++0x";
				CLANG_CXX_LIBRARY = "libc++";
				CLANG_ENABLE_MODULES = YES;
				CLANG_ENABLE_OBJC_ARC = YES;
				CLANG_WARN_BOOL_CONVERSION = YES;
				CLANG_WARN_CONSTANT_CONVERSION = YES;
				CLANG_WARN_DIRECT_OBJC_ISA_USAGE = YES_ERROR;
				CLANG_WARN_DOCUMENTATION_COMMENTS = YES;
				CLANG_WARN_EMPTY_BODY = YES;
				CLANG_WARN_ENUM_CONVERSION = YES;
				CLANG_WARN_INFINITE_RECURSION = YES;
				CLANG_WARN_INT_CONVERSION = YES;
				CLANG_WARN_OBJC_ROOT_CLASS = YES_ERROR;
				CLANG_WARN_SUSPICIOUS_MOVES = YES;
				CLANG_WARN_UNREACHABLE_CODE = YES;
				CLANG_WARN__DUPLICATE_METHOD_MATCH = YES;
				"CODE_SIGN_IDENTITY[sdk=iphoneos*]" = "iPhone Developer";
				COPY_PHASE_STRIP = NO;
				DEBUG_INFORMATION_FORMAT = dwarf;
				ENABLE_STRICT_OBJC_MSGSEND = YES;
				ENABLE_TESTABILITY = YES;
				GCC_C_LANGUAGE_STANDARD = gnu99;
				GCC_DYNAMIC_NO_PIC = NO;
				GCC_NO_COMMON_BLOCKS = YES;
				GCC_OPTIMIZATION_LEVEL = 0;
				GCC_PREPROCESSOR_DEFINITIONS = (
					"DEBUG=1",
					"$(inherited)",
				);
				GCC_WARN_64_TO_32_BIT_CONVERSION = YES;
				GCC_WARN_ABOUT_RETURN_TYPE = YES_ERROR;
				GCC_WARN_UNDECLARED_SELECTOR = YES;
				GCC_WARN_UNINITIALIZED_AUTOS = YES_AGGRESSIVE;
				GCC_WARN_UNUSED_FUNCTION = YES;
				GCC_WARN_UNUSED_VARIABLE = YES;
				IPHONEOS_DEPLOYMENT_TARGET = 10.0;
				MTL_ENABLE_DEBUG_INFO = YES;
				ONLY_ACTIVE_ARCH = YES;
				SDKROOT = iphoneos;
				SWIFT_ACTIVE_COMPILATION_CONDITIONS = DEBUG;
				SWIFT_OPTIMIZATION_LEVEL = "-Onone";
				TARGETED_DEVICE_FAMILY = "1,2";
			};
			name = Debug;
		};
		A98941221D8686060041F408 /* Release */ = {
			isa = XCBuildConfiguration;
			buildSettings = {
				ALWAYS_SEARCH_USER_PATHS = NO;
				CLANG_ANALYZER_NONNULL = YES;
				CLANG_CXX_LANGUAGE_STANDARD = "gnu++0x";
				CLANG_CXX_LIBRARY = "libc++";
				CLANG_ENABLE_MODULES = YES;
				CLANG_ENABLE_OBJC_ARC = YES;
				CLANG_WARN_BOOL_CONVERSION = YES;
				CLANG_WARN_CONSTANT_CONVERSION = YES;
				CLANG_WARN_DIRECT_OBJC_ISA_USAGE = YES_ERROR;
				CLANG_WARN_DOCUMENTATION_COMMENTS = YES;
				CLANG_WARN_EMPTY_BODY = YES;
				CLANG_WARN_ENUM_CONVERSION = YES;
				CLANG_WARN_INFINITE_RECURSION = YES;
				CLANG_WARN_INT_CONVERSION = YES;
				CLANG_WARN_OBJC_ROOT_CLASS = YES_ERROR;
				CLANG_WARN_SUSPICIOUS_MOVES = YES;
				CLANG_WARN_UNREACHABLE_CODE = YES;
				CLANG_WARN__DUPLICATE_METHOD_MATCH = YES;
				"CODE_SIGN_IDENTITY[sdk=iphoneos*]" = "iPhone Developer";
				COPY_PHASE_STRIP = NO;
				DEBUG_INFORMATION_FORMAT = "dwarf-with-dsym";
				ENABLE_NS_ASSERTIONS = NO;
				ENABLE_STRICT_OBJC_MSGSEND = YES;
				GCC_C_LANGUAGE_STANDARD = gnu99;
				GCC_NO_COMMON_BLOCKS = YES;
				GCC_WARN_64_TO_32_BIT_CONVERSION = YES;
				GCC_WARN_ABOUT_RETURN_TYPE = YES_ERROR;
				GCC_WARN_UNDECLARED_SELECTOR = YES;
				GCC_WARN_UNINITIALIZED_AUTOS = YES_AGGRESSIVE;
				GCC_WARN_UNUSED_FUNCTION = YES;
				GCC_WARN_UNUSED_VARIABLE = YES;
				IPHONEOS_DEPLOYMENT_TARGET = 10.0;
				MTL_ENABLE_DEBUG_INFO = NO;
				SDKROOT = iphoneos;
				SWIFT_OPTIMIZATION_LEVEL = "-Owholemodule";
				TARGETED_DEVICE_FAMILY = "1,2";
				VALIDATE_PRODUCT = YES;
			};
			name = Release;
		};
		A98941241D8686060041F408 /* Debug */ = {
			isa = XCBuildConfiguration;
			buildSettings = {
				ASSETCATALOG_COMPILER_APPICON_NAME = AppIcon;
				DEVELOPMENT_TEAM = KR3B4933S2;
				INFOPLIST_FILE = hackerbookv2/Info.plist;
				LD_RUNPATH_SEARCH_PATHS = "$(inherited) @executable_path/Frameworks";
				PRODUCT_BUNDLE_IDENTIFIER = "com.benavente-cardador.hackerbookv2";
				PRODUCT_NAME = "$(TARGET_NAME)";
				SWIFT_VERSION = 3.0;
			};
			name = Debug;
		};
		A98941251D8686060041F408 /* Release */ = {
			isa = XCBuildConfiguration;
			buildSettings = {
				ASSETCATALOG_COMPILER_APPICON_NAME = AppIcon;
				DEVELOPMENT_TEAM = KR3B4933S2;
				INFOPLIST_FILE = hackerbookv2/Info.plist;
				LD_RUNPATH_SEARCH_PATHS = "$(inherited) @executable_path/Frameworks";
				PRODUCT_BUNDLE_IDENTIFIER = "com.benavente-cardador.hackerbookv2";
				PRODUCT_NAME = "$(TARGET_NAME)";
				SWIFT_VERSION = 3.0;
			};
			name = Release;
		};
/* End XCBuildConfiguration section */

/* Begin XCConfigurationList section */
		A989410C1D8686060041F408 /* Build configuration list for PBXProject "hackerbookv2" */ = {
			isa = XCConfigurationList;
			buildConfigurations = (
				A98941211D8686060041F408 /* Debug */,
				A98941221D8686060041F408 /* Release */,
			);
			defaultConfigurationIsVisible = 0;
			defaultConfigurationName = Release;
		};
		A98941231D8686060041F408 /* Build configuration list for PBXNativeTarget "hackerbookv2" */ = {
			isa = XCConfigurationList;
			buildConfigurations = (
				A98941241D8686060041F408 /* Debug */,
				A98941251D8686060041F408 /* Release */,
			);
			defaultConfigurationIsVisible = 0;
			defaultConfigurationName = Release;
		};
/* End XCConfigurationList section */

/* Begin XCVersionGroup section */
		A98941261D8686330041F408 /* Model.xcdatamodeld */ = {
			isa = XCVersionGroup;
			children = (
				A98941271D8686330041F408 /* Model.xcdatamodel */,
			);
			currentVersion = A98941271D8686330041F408 /* Model.xcdatamodel */;
			path = Model.xcdatamodeld;
			sourceTree = "<group>";
			versionGroupType = wrapper.xcdatamodel;
		};
/* End XCVersionGroup section */
	};
	rootObject = A98941091D8686060041F408 /* Project object */;
}
