// !$*UTF8*$!
{
	archiveVersion = 1;
	classes = {
	};
	objectVersion = 46;
	objects = {

/* Begin PBXBuildFile section */
		A93185F31D87FFFB00EFB49E /* AsyncLoadRemoteFile.swift in Sources */ = {isa = PBXBuildFile; fileRef = A93185F21D87FFFB00EFB49E /* AsyncLoadRemoteFile.swift */; };
		A93185F61D881D9A00EFB49E /* initLoadData.swift in Sources */ = {isa = PBXBuildFile; fileRef = A93185F51D881D9A00EFB49E /* initLoadData.swift */; };
		A98941151D8686060041F408 /* AppDelegate.swift in Sources */ = {isa = PBXBuildFile; fileRef = A98941141D8686060041F408 /* AppDelegate.swift */; };
		A98941171D8686060041F408 /* ViewController.swift in Sources */ = {isa = PBXBuildFile; fileRef = A98941161D8686060041F408 /* ViewController.swift */; };
		A989411A1D8686060041F408 /* Main.storyboard in Resources */ = {isa = PBXBuildFile; fileRef = A98941181D8686060041F408 /* Main.storyboard */; };
		A989411C1D8686060041F408 /* Assets.xcassets in Resources */ = {isa = PBXBuildFile; fileRef = A989411B1D8686060041F408 /* Assets.xcassets */; };
		A989411F1D8686060041F408 /* LaunchScreen.storyboard in Resources */ = {isa = PBXBuildFile; fileRef = A989411D1D8686060041F408 /* LaunchScreen.storyboard */; };
		A98941281D8686330041F408 /* Model.xcdatamodeld in Sources */ = {isa = PBXBuildFile; fileRef = A98941261D8686330041F408 /* Model.xcdatamodeld */; };
		A98941371D86C8340041F408 /* Image+CoreDataClass.swift in Sources */ = {isa = PBXBuildFile; fileRef = A98941291D86C8340041F408 /* Image+CoreDataClass.swift */; };
		A98941381D86C8340041F408 /* Image+CoreDataProperties.swift in Sources */ = {isa = PBXBuildFile; fileRef = A989412A1D86C8340041F408 /* Image+CoreDataProperties.swift */; };
		A98941391D86C8340041F408 /* PdfBook+CoreDataClass.swift in Sources */ = {isa = PBXBuildFile; fileRef = A989412B1D86C8340041F408 /* PdfBook+CoreDataClass.swift */; };
		A989413A1D86C8340041F408 /* PdfBook+CoreDataProperties.swift in Sources */ = {isa = PBXBuildFile; fileRef = A989412C1D86C8340041F408 /* PdfBook+CoreDataProperties.swift */; };
		A989413B1D86C8340041F408 /* Geo+CoreDataClass.swift in Sources */ = {isa = PBXBuildFile; fileRef = A989412D1D86C8340041F408 /* Geo+CoreDataClass.swift */; };
		A989413C1D86C8340041F408 /* Geo+CoreDataProperties.swift in Sources */ = {isa = PBXBuildFile; fileRef = A989412E1D86C8340041F408 /* Geo+CoreDataProperties.swift */; };
		A989413D1D86C8340041F408 /* Tags+CoreDataClass.swift in Sources */ = {isa = PBXBuildFile; fileRef = A989412F1D86C8340041F408 /* Tags+CoreDataClass.swift */; };
		A989413E1D86C8340041F408 /* Tags+CoreDataProperties.swift in Sources */ = {isa = PBXBuildFile; fileRef = A98941301D86C8340041F408 /* Tags+CoreDataProperties.swift */; };
		A989413F1D86C8340041F408 /* Authors+CoreDataClass.swift in Sources */ = {isa = PBXBuildFile; fileRef = A98941311D86C8340041F408 /* Authors+CoreDataClass.swift */; };
		A98941401D86C8340041F408 /* Authors+CoreDataProperties.swift in Sources */ = {isa = PBXBuildFile; fileRef = A98941321D86C8340041F408 /* Authors+CoreDataProperties.swift */; };
		A98941411D86C8340041F408 /* Annotations+CoreDataClass.swift in Sources */ = {isa = PBXBuildFile; fileRef = A98941331D86C8340041F408 /* Annotations+CoreDataClass.swift */; };
		A98941421D86C8340041F408 /* Annotations+CoreDataProperties.swift in Sources */ = {isa = PBXBuildFile; fileRef = A98941341D86C8340041F408 /* Annotations+CoreDataProperties.swift */; };
		A98941431D86C8340041F408 /* Books+CoreDataClass.swift in Sources */ = {isa = PBXBuildFile; fileRef = A98941351D86C8340041F408 /* Books+CoreDataClass.swift */; };
		A98941441D86C8340041F408 /* Books+CoreDataProperties.swift in Sources */ = {isa = PBXBuildFile; fileRef = A98941361D86C8340041F408 /* Books+CoreDataProperties.swift */; };
/* End PBXBuildFile section */

/* Begin PBXFileReference section */
		A93185F21D87FFFB00EFB49E /* AsyncLoadRemoteFile.swift */ = {isa = PBXFileReference; fileEncoding = 4; lastKnownFileType = sourcecode.swift; path = AsyncLoadRemoteFile.swift; sourceTree = "<group>"; };
		A93185F51D881D9A00EFB49E /* initLoadData.swift */ = {isa = PBXFileReference; fileEncoding = 4; lastKnownFileType = sourcecode.swift; path = initLoadData.swift; sourceTree = "<group>"; };
		A98941111D8686060041F408 /* hackerbookv2.app */ = {isa = PBXFileReference; explicitFileType = wrapper.application; includeInIndex = 0; path = hackerbookv2.app; sourceTree = BUILT_PRODUCTS_DIR; };
		A98941141D8686060041F408 /* AppDelegate.swift */ = {isa = PBXFileReference; lastKnownFileType = sourcecode.swift; path = AppDelegate.swift; sourceTree = "<group>"; };
		A98941161D8686060041F408 /* ViewController.swift */ = {isa = PBXFileReference; lastKnownFileType = sourcecode.swift; path = ViewController.swift; sourceTree = "<group>"; };
		A98941191D8686060041F408 /* Base */ = {isa = PBXFileReference; lastKnownFileType = file.storyboard; name = Base; path = Base.lproj/Main.storyboard; sourceTree = "<group>"; };
		A989411B1D8686060041F408 /* Assets.xcassets */ = {isa = PBXFileReference; lastKnownFileType = folder.assetcatalog; path = Assets.xcassets; sourceTree = "<group>"; };
		A989411E1D8686060041F408 /* Base */ = {isa = PBXFileReference; lastKnownFileType = file.storyboard; name = Base; path = Base.lproj/LaunchScreen.storyboard; sourceTree = "<group>"; };
		A98941201D8686060041F408 /* Info.plist */ = {isa = PBXFileReference; lastKnownFileType = text.plist.xml; path = Info.plist; sourceTree = "<group>"; };
		A98941271D8686330041F408 /* Model.xcdatamodel */ = {isa = PBXFileReference; lastKnownFileType = wrapper.xcdatamodel; path = Model.xcdatamodel; sourceTree = "<group>"; };
		A98941291D86C8340041F408 /* Image+CoreDataClass.swift */ = {isa = PBXFileReference; fileEncoding = 4; lastKnownFileType = sourcecode.swift; path = "Image+CoreDataClass.swift"; sourceTree = "<group>"; };
		A989412A1D86C8340041F408 /* Image+CoreDataProperties.swift */ = {isa = PBXFileReference; fileEncoding = 4; lastKnownFileType = sourcecode.swift; path = "Image+CoreDataProperties.swift"; sourceTree = "<group>"; };
		A989412B1D86C8340041F408 /* PdfBook+CoreDataClass.swift */ = {isa = PBXFileReference; fileEncoding = 4; lastKnownFileType = sourcecode.swift; path = "PdfBook+CoreDataClass.swift"; sourceTree = "<group>"; };
		A989412C1D86C8340041F408 /* PdfBook+CoreDataProperties.swift */ = {isa = PBXFileReference; fileEncoding = 4; lastKnownFileType = sourcecode.swift; path = "PdfBook+CoreDataProperties.swift"; sourceTree = "<group>"; };
		A989412D1D86C8340041F408 /* Geo+CoreDataClass.swift */ = {isa = PBXFileReference; fileEncoding = 4; lastKnownFileType = sourcecode.swift; path = "Geo+CoreDataClass.swift"; sourceTree = "<group>"; };
		A989412E1D86C8340041F408 /* Geo+CoreDataProperties.swift */ = {isa = PBXFileReference; fileEncoding = 4; lastKnownFileType = sourcecode.swift; path = "Geo+CoreDataProperties.swift"; sourceTree = "<group>"; };
		A989412F1D86C8340041F408 /* Tags+CoreDataClass.swift */ = {isa = PBXFileReference; fileEncoding = 4; lastKnownFileType = sourcecode.swift; path = "Tags+CoreDataClass.swift"; sourceTree = "<group>"; };
		A98941301D86C8340041F408 /* Tags+CoreDataProperties.swift */ = {isa = PBXFileReference; fileEncoding = 4; lastKnownFileType = sourcecode.swift; path = "Tags+CoreDataProperties.swift"; sourceTree = "<group>"; };
		A98941311D86C8340041F408 /* Authors+CoreDataClass.swift */ = {isa = PBXFileReference; fileEncoding = 4; lastKnownFileType = sourcecode.swift; path = "Authors+CoreDataClass.swift"; sourceTree = "<group>"; };
		A98941321D86C8340041F408 /* Authors+CoreDataProperties.swift */ = {isa = PBXFileReference; fileEncoding = 4; lastKnownFileType = sourcecode.swift; path = "Authors+CoreDataProperties.swift"; sourceTree = "<group>"; };
		A98941331D86C8340041F408 /* Annotations+CoreDataClass.swift */ = {isa = PBXFileReference; fileEncoding = 4; lastKnownFileType = sourcecode.swift; path = "Annotations+CoreDataClass.swift"; sourceTree = "<group>"; };
		A98941341D86C8340041F408 /* Annotations+CoreDataProperties.swift */ = {isa = PBXFileReference; fileEncoding = 4; lastKnownFileType = sourcecode.swift; path = "Annotations+CoreDataProperties.swift"; sourceTree = "<group>"; };
		A98941351D86C8340041F408 /* Books+CoreDataClass.swift */ = {isa = PBXFileReference; fileEncoding = 4; lastKnownFileType = sourcecode.swift; path = "Books+CoreDataClass.swift"; sourceTree = "<group>"; };
		A98941361D86C8340041F408 /* Books+CoreDataProperties.swift */ = {isa = PBXFileReference; fileEncoding = 4; lastKnownFileType = sourcecode.swift; path = "Books+CoreDataProperties.swift"; sourceTree = "<group>"; };
/* End PBXFileReference section */

/* Begin PBXFrameworksBuildPhase section */
		A989410E1D8686060041F408 /* Frameworks */ = {
			isa = PBXFrameworksBuildPhase;
			buildActionMask = 2147483647;
			files = (
			);
			runOnlyForDeploymentPostprocessing = 0;
		};
/* End PBXFrameworksBuildPhase section */

/* Begin PBXGroup section */
		A93185F41D881D3A00EFB49E /* Utils */ = {
			isa = PBXGroup;
			children = (
				A93185F21D87FFFB00EFB49E /* AsyncLoadRemoteFile.swift */,
				A93185F51D881D9A00EFB49E /* initLoadData.swift */,
			);
			name = Utils;
			sourceTree = "<group>";
		};
		A98941081D8686060041F408 = {
			isa = PBXGroup;
			children = (
				A93185F41D881D3A00EFB49E /* Utils */,
				A98941471D86C86B0041F408 /* Model */,
				A98941131D8686060041F408 /* hackerbookv2 */,
				A98941121D8686060041F408 /* Products */,
			);
			sourceTree = "<group>";
		};
		A98941121D8686060041F408 /* Products */ = {
			isa = PBXGroup;
			children = (
				A98941111D8686060041F408 /* hackerbookv2.app */,
			);
			name = Products;
			sourceTree = "<group>";
		};
		A98941131D8686060041F408 /* hackerbookv2 */ = {
			isa = PBXGroup;
			children = (
				A98941141D8686060041F408 /* AppDelegate.swift */,
				A98941161D8686060041F408 /* ViewController.swift */,
				A98941181D8686060041F408 /* Main.storyboard */,
				A989411B1D8686060041F408 /* Assets.xcassets */,
				A989411D1D8686060041F408 /* LaunchScreen.storyboard */,
				A98941201D8686060041F408 /* Info.plist */,
			);
			path = hackerbookv2;
			sourceTree = "<group>";
		};
		A98941461D86C85B0041F408 /* managedModel */ = {
			isa = PBXGroup;
			children = (
				A98941291D86C8340041F408 /* Image+CoreDataClass.swift */,
				A989412A1D86C8340041F408 /* Image+CoreDataProperties.swift */,
				A989412B1D86C8340041F408 /* PdfBook+CoreDataClass.swift */,
				A989412C1D86C8340041F408 /* PdfBook+CoreDataProperties.swift */,
				A989412D1D86C8340041F408 /* Geo+CoreDataClass.swift */,
				A989412E1D86C8340041F408 /* Geo+CoreDataProperties.swift */,
				A989412F1D86C8340041F408 /* Tags+CoreDataClass.swift */,
				A98941301D86C8340041F408 /* Tags+CoreDataProperties.swift */,
				A98941311D86C8340041F408 /* Authors+CoreDataClass.swift */,
				A98941321D86C8340041F408 /* Authors+CoreDataProperties.swift */,
				A98941331D86C8340041F408 /* Annotations+CoreDataClass.swift */,
				A98941341D86C8340041F408 /* Annotations+CoreDataProperties.swift */,
				A98941351D86C8340041F408 /* Books+CoreDataClass.swift */,
				A98941361D86C8340041F408 /* Books+CoreDataProperties.swift */,
			);
			name = managedModel;
			sourceTree = "<group>";
		};
		A98941471D86C86B0041F408 /* Model */ = {
			isa = PBXGroup;
			children = (
				A98941261D8686330041F408 /* Model.xcdatamodeld */,
				A98941461D86C85B0041F408 /* managedModel */,
			);
			name = Model;
			sourceTree = "<group>";
		};
/* End PBXGroup section */

/* Begin PBXNativeTarget section */
		A98941101D8686060041F408 /* hackerbookv2 */ = {
			isa = PBXNativeTarget;
			buildConfigurationList = A98941231D8686060041F408 /* Build configuration list for PBXNativeTarget "hackerbookv2" */;
			buildPhases = (
				A989410D1D8686060041F408 /* Sources */,
				A989410E1D8686060041F408 /* Frameworks */,
				A989410F1D8686060041F408 /* Resources */,
			);
			buildRules = (
			);
			dependencies = (
			);
			name = hackerbookv2;
			productName = hackerbookv2;
			productReference = A98941111D8686060041F408 /* hackerbookv2.app */;
			productType = "com.apple.product-type.application";
		};
/* End PBXNativeTarget section */

/* Begin PBXProject section */
		A98941091D8686060041F408 /* Project object */ = {
			isa = PBXProject;
			attributes = {
				LastSwiftUpdateCheck = 0800;
				LastUpgradeCheck = 0800;
				ORGANIZATIONNAME = "Antonio Benavente del Moral";
				TargetAttributes = {
					A98941101D8686060041F408 = {
						CreatedOnToolsVersion = 8.0;
						DevelopmentTeam = KR3B4933S2;
						ProvisioningStyle = Automatic;
					};
				};
			};
			buildConfigurationList = A989410C1D8686060041F408 /* Build configuration list for PBXProject "hackerbookv2" */;
			compatibilityVersion = "Xcode 3.2";
			developmentRegion = English;
			hasScannedForEncodings = 0;
			knownRegions = (
				en,
				Base,
			);
			mainGroup = A98941081D8686060041F408;
			productRefGroup = A98941121D8686060041F408 /* Products */;
			projectDirPath = "";
			projectRoot = "";
			targets = (
				A98941101D8686060041F408 /* hackerbookv2 */,
			);
		};
/* End PBXProject section */

/* Begin PBXResourcesBuildPhase section */
		A989410F1D8686060041F408 /* Resources */ = {
			isa = PBXResourcesBuildPhase;
			buildActionMask = 2147483647;
			files = (
				A989411F1D8686060041F408 /* LaunchScreen.storyboard in Resources */,
				A989411C1D8686060041F408 /* Assets.xcassets in Resources */,
				A989411A1D8686060041F408 /* Main.storyboard in Resources */,
			);
			runOnlyForDeploymentPostprocessing = 0;
		};
/* End PBXResourcesBuildPhase section */

/* Begin PBXSourcesBuildPhase section */
		A989410D1D8686060041F408 /* Sources */ = {
			isa = PBXSourcesBuildPhase;
			buildActionMask = 2147483647;
			files = (
				A98941441D86C8340041F408 /* Books+CoreDataProperties.swift in Sources */,
				A989413A1D86C8340041F408 /* PdfBook+CoreDataProperties.swift in Sources */,
				A93185F31D87FFFB00EFB49E /* AsyncLoadRemoteFile.swift in Sources */,
				A989413E1D86C8340041F408 /* Tags+CoreDataProperties.swift in Sources */,
				A93185F61D881D9A00EFB49E /* initLoadData.swift in Sources */,
				A989413B1D86C8340041F408 /* Geo+CoreDataClass.swift in Sources */,
				A98941401D86C8340041F408 /* Authors+CoreDataProperties.swift in Sources */,
				A98941411D86C8340041F408 /* Annotations+CoreDataClass.swift in Sources */,
				A98941421D86C8340041F408 /* Annotations+CoreDataProperties.swift in Sources */,
				A98941431D86C8340041F408 /* Books+CoreDataClass.swift in Sources */,
				A989413C1D86C8340041F408 /* Geo+CoreDataProperties.swift in Sources */,
				A989413F1D86C8340041F408 /* Authors+CoreDataClass.swift in Sources */,
				A98941171D8686060041F408 /* ViewController.swift in Sources */,
				A98941381D86C8340041F408 /* Image+CoreDataProperties.swift in Sources */,
				A98941151D8686060041F408 /* AppDelegate.swift in Sources */,
				A989413D1D86C8340041F408 /* Tags+CoreDataClass.swift in Sources */,
				A98941391D86C8340041F408 /* PdfBook+CoreDataClass.swift in Sources */,
				A98941281D8686330041F408 /* Model.xcdatamodeld in Sources */,
				A98941371D86C8340041F408 /* Image+CoreDataClass.swift in Sources */,
			);
			runOnlyForDeploymentPostprocessing = 0;
		};
/* End PBXSourcesBuildPhase section */

/* Begin PBXVariantGroup section */
		A98941181D8686060041F408 /* Main.storyboard */ = {
			isa = PBXVariantGroup;
			children = (
				A98941191D8686060041F408 /* Base */,
			);
			name = Main.storyboard;
			sourceTree = "<group>";
		};
		A989411D1D8686060041F408 /* LaunchScreen.storyboard */ = {
			isa = PBXVariantGroup;
			children = (
				A989411E1D8686060041F408 /* Base */,
			);
			name = LaunchScreen.storyboard;
			sourceTree = "<group>";
		};
/* End PBXVariantGroup section */

/* Begin XCBuildConfiguration section */
		A98941211D8686060041F408 /* Debug */ = {
			isa = XCBuildConfiguration;
			buildSettings = {
				ALWAYS_SEARCH_USER_PATHS = NO;
				CLANG_ANALYZER_NONNULL = YES;
				CLANG_CXX_LANGUAGE_STANDARD = "gnu++0x";
				CLANG_CXX_LIBRARY = "libc++";
				CLANG_ENABLE_MODULES = YES;
				CLANG_ENABLE_OBJC_ARC = YES;
				CLANG_WARN_BOOL_CONVERSION = YES;
				CLANG_WARN_CONSTANT_CONVERSION = YES;
				CLANG_WARN_DIRECT_OBJC_ISA_USAGE = YES_ERROR;
				CLANG_WARN_DOCUMENTATION_COMMENTS = YES;
				CLANG_WARN_EMPTY_BODY = YES;
				CLANG_WARN_ENUM_CONVERSION = YES;
				CLANG_WARN_INFINITE_RECURSION = YES;
				CLANG_WARN_INT_CONVERSION = YES;
				CLANG_WARN_OBJC_ROOT_CLASS = YES_ERROR;
				CLANG_WARN_SUSPICIOUS_MOVES = YES;
				CLANG_WARN_UNREACHABLE_CODE = YES;
				CLANG_WARN__DUPLICATE_METHOD_MATCH = YES;
				"CODE_SIGN_IDENTITY[sdk=iphoneos*]" = "iPhone Developer";
				COPY_PHASE_STRIP = NO;
				DEBUG_INFORMATION_FORMAT = dwarf;
				ENABLE_STRICT_OBJC_MSGSEND = YES;
				ENABLE_TESTABILITY = YES;
				GCC_C_LANGUAGE_STANDARD = gnu99;
				GCC_DYNAMIC_NO_PIC = NO;
				GCC_NO_COMMON_BLOCKS = YES;
				GCC_OPTIMIZATION_LEVEL = 0;
				GCC_PREPROCESSOR_DEFINITIONS = (
					"DEBUG=1",
					"$(inherited)",
				);
				GCC_WARN_64_TO_32_BIT_CONVERSION = YES;
				GCC_WARN_ABOUT_RETURN_TYPE = YES_ERROR;
				GCC_WARN_UNDECLARED_SELECTOR = YES;
				GCC_WARN_UNINITIALIZED_AUTOS = YES_AGGRESSIVE;
				GCC_WARN_UNUSED_FUNCTION = YES;
				GCC_WARN_UNUSED_VARIABLE = YES;
				IPHONEOS_DEPLOYMENT_TARGET = 10.0;
				MTL_ENABLE_DEBUG_INFO = YES;
				ONLY_ACTIVE_ARCH = YES;
				SDKROOT = iphoneos;
				SWIFT_ACTIVE_COMPILATION_CONDITIONS = DEBUG;
				SWIFT_OPTIMIZATION_LEVEL = "-Onone";
				TARGETED_DEVICE_FAMILY = "1,2";
			};
			name = Debug;
		};
		A98941221D8686060041F408 /* Release */ = {
			isa = XCBuildConfiguration;
			buildSettings = {
				ALWAYS_SEARCH_USER_PATHS = NO;
				CLANG_ANALYZER_NONNULL = YES;
				CLANG_CXX_LANGUAGE_STANDARD = "gnu++0x";
				CLANG_CXX_LIBRARY = "libc++";
				CLANG_ENABLE_MODULES = YES;
				CLANG_ENABLE_OBJC_ARC = YES;
				CLANG_WARN_BOOL_CONVERSION = YES;
				CLANG_WARN_CONSTANT_CONVERSION = YES;
				CLANG_WARN_DIRECT_OBJC_ISA_USAGE = YES_ERROR;
				CLANG_WARN_DOCUMENTATION_COMMENTS = YES;
				CLANG_WARN_EMPTY_BODY = YES;
				CLANG_WARN_ENUM_CONVERSION = YES;
				CLANG_WARN_INFINITE_RECURSION = YES;
				CLANG_WARN_INT_CONVERSION = YES;
				CLANG_WARN_OBJC_ROOT_CLASS = YES_ERROR;
				CLANG_WARN_SUSPICIOUS_MOVES = YES;
				CLANG_WARN_UNREACHABLE_CODE = YES;
				CLANG_WARN__DUPLICATE_METHOD_MATCH = YES;
				"CODE_SIGN_IDENTITY[sdk=iphoneos*]" = "iPhone Developer";
				COPY_PHASE_STRIP = NO;
				DEBUG_INFORMATION_FORMAT = "dwarf-with-dsym";
				ENABLE_NS_ASSERTIONS = NO;
				ENABLE_STRICT_OBJC_MSGSEND = YES;
				GCC_C_LANGUAGE_STANDARD = gnu99;
				GCC_NO_COMMON_BLOCKS = YES;
				GCC_WARN_64_TO_32_BIT_CONVERSION = YES;
				GCC_WARN_ABOUT_RETURN_TYPE = YES_ERROR;
				GCC_WARN_UNDECLARED_SELECTOR = YES;
				GCC_WARN_UNINITIALIZED_AUTOS = YES_AGGRESSIVE;
				GCC_WARN_UNUSED_FUNCTION = YES;
				GCC_WARN_UNUSED_VARIABLE = YES;
				IPHONEOS_DEPLOYMENT_TARGET = 10.0;
				MTL_ENABLE_DEBUG_INFO = NO;
				SDKROOT = iphoneos;
				SWIFT_OPTIMIZATION_LEVEL = "-Owholemodule";
				TARGETED_DEVICE_FAMILY = "1,2";
				VALIDATE_PRODUCT = YES;
			};
			name = Release;
		};
		A98941241D8686060041F408 /* Debug */ = {
			isa = XCBuildConfiguration;
			buildSettings = {
				ASSETCATALOG_COMPILER_APPICON_NAME = AppIcon;
				DEVELOPMENT_TEAM = KR3B4933S2;
				INFOPLIST_FILE = hackerbookv2/Info.plist;
				LD_RUNPATH_SEARCH_PATHS = "$(inherited) @executable_path/Frameworks";
				PRODUCT_BUNDLE_IDENTIFIER = "com.benavente-cardador.hackerbookv2";
				PRODUCT_NAME = "$(TARGET_NAME)";
				SWIFT_VERSION = 3.0;
			};
			name = Debug;
		};
		A98941251D8686060041F408 /* Release */ = {
			isa = XCBuildConfiguration;
			buildSettings = {
				ASSETCATALOG_COMPILER_APPICON_NAME = AppIcon;
				DEVELOPMENT_TEAM = KR3B4933S2;
				INFOPLIST_FILE = hackerbookv2/Info.plist;
				LD_RUNPATH_SEARCH_PATHS = "$(inherited) @executable_path/Frameworks";
				PRODUCT_BUNDLE_IDENTIFIER = "com.benavente-cardador.hackerbookv2";
				PRODUCT_NAME = "$(TARGET_NAME)";
				SWIFT_VERSION = 3.0;
			};
			name = Release;
		};
/* End XCBuildConfiguration section */

/* Begin XCConfigurationList section */
		A989410C1D8686060041F408 /* Build configuration list for PBXProject "hackerbookv2" */ = {
			isa = XCConfigurationList;
			buildConfigurations = (
				A98941211D8686060041F408 /* Debug */,
				A98941221D8686060041F408 /* Release */,
			);
			defaultConfigurationIsVisible = 0;
			defaultConfigurationName = Release;
		};
		A98941231D8686060041F408 /* Build configuration list for PBXNativeTarget "hackerbookv2" */ = {
			isa = XCConfigurationList;
			buildConfigurations = (
				A98941241D8686060041F408 /* Debug */,
				A98941251D8686060041F408 /* Release */,
			);
			defaultConfigurationIsVisible = 0;
			defaultConfigurationName = Release;
		};
/* End XCConfigurationList section */

/* Begin XCVersionGroup section */
		A98941261D8686330041F408 /* Model.xcdatamodeld */ = {
			isa = XCVersionGroup;
			children = (
				A98941271D8686330041F408 /* Model.xcdatamodel */,
			);
			currentVersion = A98941271D8686330041F408 /* Model.xcdatamodel */;
			path = Model.xcdatamodeld;
			sourceTree = "<group>";
			versionGroupType = wrapper.xcdatamodel;
		};
/* End XCVersionGroup section */
	};
	rootObject = A98941091D8686060041F408 /* Project object */;
}
